
Microsoft Visual Studio Solution File, Format Version 12.00
# Visual Studio Version 17
VisualStudioVersion = 17.14.36429.23 d17.14
MinimumVisualStudioVersion = 10.0.40219.1
Project("{FAE04EC0-301F-11D3-BF4B-00C04F79EFBC}") = "CfCourseManagement.Api", "CfCourseManagement.Api\CfCourseManagement.Api.csproj", "{FCEE0F5F-5700-4E2F-90B3-B2FD6D969063}"
EndProject
Global
	GlobalSection(SolutionConfigurationPlatforms) = preSolution
		Debug|Any CPU = Debug|Any CPU
		Release|Any CPU = Release|Any CPU
	EndGlobalSection
	GlobalSection(ProjectConfigurationPlatforms) = postSolution
		{FCEE0F5F-5700-4E2F-90B3-B2FD6D969063}.Debug|Any CPU.ActiveCfg = Debug|Any CPU
		{FCEE0F5F-5700-4E2F-90B3-B2FD6D969063}.Debug|Any CPU.Build.0 = Debug|Any CPU
		{FCEE0F5F-5700-4E2F-90B3-B2FD6D969063}.Release|Any CPU.ActiveCfg = Release|Any CPU
		{FCEE0F5F-5700-4E2F-90B3-B2FD6D969063}.Release|Any CPU.Build.0 = Release|Any CPU
	EndGlobalSection
	GlobalSection(SolutionProperties) = preSolution
		HideSolutionNode = FALSE
	EndGlobalSection
	GlobalSection(ExtensibilityGlobals) = postSolution
		SolutionGuid = {F5F43BE1-FD7D-4DD3-832F-C6BD29542BB3}
	EndGlobalSection
EndGlobal
